{
  "name": "codex-webapp",
  "version": "0.1.0-beta.3",
  "lockfileVersion": 3,
  "requires": true,
  "packages": {
    "": {
      "name": "codex-webapp",
      "version": "0.1.0-beta.3",
      "license": "Apache-2.0",
      "bin": {
        "codex-webapp": "bin/codex-webapp.mjs"
      },
      "engines": {
        "node": ">=20"
      }
    }
  }
}
